<?xml version="1.0" encoding="utf-8"?>
<Project ToolsVersion="4.0" xmlns="http://schemas.microsoft.com/developer/msbuild/2003">
  <ItemGroup>
    <Filter Include="Generated Files">
      <UniqueIdentifier>{71ED8ED8-ACB9-4CE9-BBE1-E00B30144E11}</UniqueIdentifier>
      <Extensions>moc;h;cpp</Extensions>
      <SourceControlFiles>False</SourceControlFiles>
    </Filter>
    <Filter Include="Generated Files\Debug">
      <UniqueIdentifier>{653d508e-5f0c-430b-9c88-ed60e0b0eca6}</UniqueIdentifier>
      <Extensions>cpp;moc</Extensions>
      <SourceControlFiles>False</SourceControlFiles>
    </Filter>
    <Filter Include="Generated Files\Release">
      <UniqueIdentifier>{f5355adf-7bcc-49de-9287-a1a331042070}</UniqueIdentifier>
      <Extensions>cpp;moc</Extensions>
      <SourceControlFiles>False</SourceControlFiles>
    </Filter>
    <Filter Include="Resources">
      <UniqueIdentifier>{374f9c45-d605-46ca-8325-2d3ac011a3e4}</UniqueIdentifier>
    </Filter>
  </ItemGroup>
  <ItemGroup>
    <ClCompile Include="GeneratedFiles\Debug\moc_MainWindow.cpp">
      <Filter>Generated Files\Debug</Filter>
    </ClCompile>
    <ClCompile Include="GeneratedFiles\Release\moc_MainWindow.cpp">
      <Filter>Generated Files\Release</Filter>
    </ClCompile>
    <ClCompile Include="GeneratedFiles\qrc_XMiSnake.cpp">
      <Filter>Generated Files</Filter>
    </ClCompile>
    <ClCompile Include="main.cpp" />
    <ClCompile Include="stdafx.cpp" />
    <ClCompile Include="mainwindow.cpp" />
    <ClCompile Include="GlWidget.cpp" />
    <ClCompile Include="Constants.cpp" />
    <ClCompile Include="Snake.cpp" />
    <ClCompile Include="GameEngine.cpp" />
    <ClCompile Include="GeneratedFiles\Debug\moc_GameEngine.cpp">
      <Filter>Generated Files\Debug</Filter>
    </ClCompile>
    <ClCompile Include="GeneratedFiles\Release\moc_GameEngine.cpp">
      <Filter>Generated Files\Release</Filter>
    </ClCompile>
    <ClCompile Include="Pill.cpp" />
  </ItemGroup>
  <ItemGroup>
    <ClInclude Include="GeneratedFiles\ui_MainWindow.h">
      <Filter>Generated Files</Filter>
    </ClInclude>
    <ClInclude Include="stdafx.h" />
    <ClInclude Include="GlWidget.h" />
    <ClInclude Include="Constants.h" />
    <ClInclude Include="Snake.h" />
    <ClInclude Include="Types.h" />
    <ClInclude Include="Pill.h" />
  </ItemGroup>
  <ItemGroup>
    <CustomBuild Include="MainWindow.ui" />
    <CustomBuild Include="MainWindow.h" />
    <CustomBuild Include="XMiSnake.qrc" />
    <CustomBuild Include="GameEngine.h" />
  </ItemGroup>
  <ItemGroup>
    <ResourceCompile Include="XMiSnake.rc" />
  </ItemGroup>
</Project>